{
  "name": "rebeccaPortfolio",
  "lockfileVersion": 3,
  "requires": true,
  "packages": {
    "": {
      "dependencies": {
        "aos": "^2.3.4",
        "tsparticles": "^2.6.0"
      }
    },
    "node_modules/aos": {
      "version": "2.3.4",
      "resolved": "https://registry.npmjs.org/aos/-/aos-2.3.4.tgz",
      "integrity": "sha512-zh/ahtR2yME4I51z8IttIt4lC1Nw0ktsFtmeDzID1m9naJnWXhCoARaCgNOGXb5CLy3zm+wqmRAEgMYB5E2HUw==",
      "dependencies": {
        "classlist-polyfill": "^1.0.3",
        "lodash.debounce": "^4.0.6",
        "lodash.throttle": "^4.0.1"
      }
    },
    "node_modules/classlist-polyfill": {
      "version": "1.2.0",
      "resolved": "https://registry.npmjs.org/classlist-polyfill/-/classlist-polyfill-1.2.0.tgz",
      "integrity": "sha512-GzIjNdcEtH4ieA2S8NmrSxv7DfEV5fmixQeyTmqmRmRJPGpRBaSnA2a0VrCjyT8iW8JjEdMbKzDotAJf+ajgaQ=="
    },
    "node_modules/lodash.debounce": {
      "version": "4.0.8",
      "resolved": "https://registry.npmjs.org/lodash.debounce/-/lodash.debounce-4.0.8.tgz",
      "integrity": "sha512-FT1yDzDYEoYWhnSGnpE/4Kj1fLZkDFyqRb7fNt6FdYOSxlUWAtp42Eh6Wb0rGIv/m9Bgo7x4GhQbm5Ys4SG5ow=="
    },
    "node_modules/lodash.throttle": {
      "version": "4.1.1",
      "resolved": "https://registry.npmjs.org/lodash.throttle/-/lodash.throttle-4.1.1.tgz",
      "integrity": "sha512-wIkUCfVKpVsWo3JSZlc+8MB5it+2AN5W8J7YVMST30UrvcQNZ1Okbj+rbVniijTWE6FGYy4XJq/rHkas8qJMLQ=="
    },
    "node_modules/tsparticles": {
      "version": "2.6.0",
      "resolved": "https://registry.npmjs.org/tsparticles/-/tsparticles-2.6.0.tgz",
      "integrity": "sha512-8gJlKw+fQxCB7qb+VSwXAvyRk7gVkNieOdORg70xitULXMNG1kX8fVqhqBo4PXnA3S/0CNNjfUNUjMjVzn6lyA==",
      "dependencies": {
        "tsparticles-engine": "^2.6.0",
        "tsparticles-interaction-external-trail": "^2.6.0",
        "tsparticles-plugin-absorbers": "^2.6.0",
        "tsparticles-plugin-emitters": "^2.6.0",
        "tsparticles-slim": "^2.6.0",
        "tsparticles-updater-destroy": "^2.6.0",
        "tsparticles-updater-roll": "^2.6.0",
        "tsparticles-updater-tilt": "^2.6.0",
        "tsparticles-updater-twinkle": "^2.6.0",
        "tsparticles-updater-wobble": "^2.6.0"
      },
      "funding": {
        "type": "github",
        "url": "https://github.com/sponsors/matteobruni"
      }
    },
    "node_modules/tsparticles-engine": {
      "version": "2.6.0",
      "resolved": "https://registry.npmjs.org/tsparticles-engine/-/tsparticles-engine-2.6.0.tgz",
      "integrity": "sha512-Kai80jf9mjQVP9WVKqCpxegi7HquVMtiniC2PKrY9aO9E546Lsll+ueUdKeWsSoXBVseN1yqHJcpOKkJy61hIw==",
      "funding": [
        {
          "type": "github",
          "url": "https://github.com/sponsors/matteobruni"
        },
        {
          "type": "buymeacoffee",
          "url": "https://www.buymeacoffee.com/matteobruni"
        }
      ],
      "hasInstallScript": true
    },
    "node_modules/tsparticles-interaction-external-attract": {
      "version": "2.6.0",
      "resolved": "https://registry.npmjs.org/tsparticles-interaction-external-attract/-/tsparticles-interaction-external-attract-2.6.0.tgz",
      "integrity": "sha512-XHf+USJVPSTbFup6Sc2QAHZnY/R3O8cQIS1t5OvotrihQ0Oj65xs8i1kiPALdT6V0jEghUkuC6kndav5s0xYNQ==",
      "dependencies": {
        "tsparticles-engine": "^2.6.0"
      }
    },
    "node_modules/tsparticles-interaction-external-bounce": {
      "version": "2.6.0",
      "resolved": "https://registry.npmjs.org/tsparticles-interaction-external-bounce/-/tsparticles-interaction-external-bounce-2.6.0.tgz",
      "integrity": "sha512-Cd7ihbdoryu2LMSARRgLuZPZIwoEgtTO6UriNETbmjKg8IzaahDOkLHwwHL8Cs05nzyHlkBWJk+YlcAqVta/9Q==",
      "dependencies": {
        "tsparticles-engine": "^2.6.0"
      }
    },
    "node_modules/tsparticles-interaction-external-bubble": {
      "version": "2.6.0",
      "resolved": "https://registry.npmjs.org/tsparticles-interaction-external-bubble/-/tsparticles-interaction-external-bubble-2.6.0.tgz",
      "integrity": "sha512-YDtRWxE89kIESIsgukOUn38stAIBw2gy9+GC1vK6THNetp6n2hDv7pYXdMIjMPExNWATrhMqCjeZkpmYnzzGFg==",
      "dependencies": {
        "tsparticles-engine": "^2.6.0"
      }
    },
    "node_modules/tsparticles-interaction-external-connect": {
      "version": "2.6.0",
      "resolved": "https://registry.npmjs.org/tsparticles-interaction-external-connect/-/tsparticles-interaction-external-connect-2.6.0.tgz",
      "integrity": "sha512-xJPJa7BUoemYSRDwltS9UDQ+XyUAv4s1h5pR1HUwnVD1t/TSN5lhloR2HI3mzoIvKvSBXQCWb0biUMTeXywmmA==",
      "dependencies": {
        "tsparticles-engine": "^2.6.0"
      }
    },
    "node_modules/tsparticles-interaction-external-grab": {
      "version": "2.6.0",
      "resolved": "https://registry.npmjs.org/tsparticles-interaction-external-grab/-/tsparticles-interaction-external-grab-2.6.0.tgz",
      "integrity": "sha512-+RQqgIs2ibcPpx2cIn89pb4P/jehBnnLZSVA2k+jGTrAjL1J6ihFU29MbhuHIFw50JIDhTPsHZllBFFMlrQHXQ==",
      "dependencies": {
        "tsparticles-engine": "^2.6.0"
      }
    },
    "node_modules/tsparticles-interaction-external-pause": {
      "version": "2.6.0",
      "resolved": "https://registry.npmjs.org/tsparticles-interaction-external-pause/-/tsparticles-interaction-external-pause-2.6.0.tgz",
      "integrity": "sha512-tq7rtKLNaSyNr3P+e9V6aHM5GzR2d+k1rpe4/O/K54xG44e9N7nUBgBaTXT29LuEpvxj44arVE9iDbCA+6TqJg==",
      "dependencies": {
        "tsparticles-engine": "^2.6.0"
      }
    },
    "node_modules/tsparticles-interaction-external-push": {
      "version": "2.6.0",
      "resolved": "https://registry.npmjs.org/tsparticles-interaction-external-push/-/tsparticles-interaction-external-push-2.6.0.tgz",
      "integrity": "sha512-DjYARXHbGTim5OHZaNpxyYsWB6WcaLrocnCY4XNGdayRqIHuSiAfNMut5Y4NnAVZKfacAe7Wpd8NUSDsicwu4g==",
      "dependencies": {
        "tsparticles-engine": "^2.6.0"
      }
    },
    "node_modules/tsparticles-interaction-external-remove": {
      "version": "2.6.0",
      "resolved": "https://registry.npmjs.org/tsparticles-interaction-external-remove/-/tsparticles-interaction-external-remove-2.6.0.tgz",
      "integrity": "sha512-x9FM3b3XlvLE6WZpPRZ8ABbeOnJ4seKd7y2RsZJt4Tj8Qqn96bw/5iAC79N87j4ycLZux5hBTLbGECbdaoiZdA==",
      "dependencies": {
        "tsparticles-engine": "^2.6.0"
      }
    },
    "node_modules/tsparticles-interaction-external-repulse": {
      "version": "2.6.0",
      "resolved": "https://registry.npmjs.org/tsparticles-interaction-external-repulse/-/tsparticles-interaction-external-repulse-2.6.0.tgz",
      "integrity": "sha512-VNZe5NdxNPbv1mHvD4wGVCaRn5QKFRVM65Bid4AniLTQ/+bhoJ8UkoJZr5ImsOcjYM+gW4O3pUUzNCXoTf+mYw==",
      "dependencies": {
        "tsparticles-engine": "^2.6.0"
      }
    },
    "node_modules/tsparticles-interaction-external-slow": {
      "version": "2.6.0",
      "resolved": "https://registry.npmjs.org/tsparticles-interaction-external-slow/-/tsparticles-interaction-external-slow-2.6.0.tgz",
      "integrity": "sha512-Z4FYOQ/6jQ7GD1ErYZptXcy2MalUxcMdpXzsGmX1XotbnYmlGaypS9joSi/Pb1pZHI7PxVMfer8iP6HtKwj+EQ==",
      "dependencies": {
        "tsparticles-engine": "^2.6.0"
      }
    },
    "node_modules/tsparticles-interaction-external-trail": {
      "version": "2.6.0",
      "resolved": "https://registry.npmjs.org/tsparticles-interaction-external-trail/-/tsparticles-interaction-external-trail-2.6.0.tgz",
      "integrity": "sha512-dSmfHevh81JeYHsad6Z6/3t9+1uKfXYAGVUXx1TN4jSvLGpSKsdVG9Tg7Gasw/fidKcbNMrsipTbIq1dJhDraA==",
      "dependencies": {
        "tsparticles-engine": "^2.6.0"
      }
    },
    "node_modules/tsparticles-interaction-particles-attract": {
      "version": "2.6.0",
      "resolved": "https://registry.npmjs.org/tsparticles-interaction-particles-attract/-/tsparticles-interaction-particles-attract-2.6.0.tgz",
      "integrity": "sha512-CbwcrSvxoHNgQJ18clpqzezeTMGM4g7D+pE10ApDnX8zIK1uc8IoUfdqHSMnSO3UYyWyqHrrcBDak2Ruj+fDwg==",
      "dependencies": {
        "tsparticles-engine": "^2.6.0"
      }
    },
    "node_modules/tsparticles-interaction-particles-collisions": {
      "version": "2.6.0",
      "resolved": "https://registry.npmjs.org/tsparticles-interaction-particles-collisions/-/tsparticles-interaction-particles-collisions-2.6.0.tgz",
      "integrity": "sha512-9oPOY4uLzbD/klyYPUjksShf8oNAJji1p6/CZUGweBxSoYHBGFeY/SKj3XTfaojwWlacVm9skiXyhaPaf5epSA==",
      "dependencies": {
        "tsparticles-engine": "^2.6.0"
      }
    },
    "node_modules/tsparticles-interaction-particles-links": {
      "version": "2.6.0",
      "resolved": "https://registry.npmjs.org/tsparticles-interaction-particles-links/-/tsparticles-interaction-particles-links-2.6.0.tgz",
      "integrity": "sha512-4CeXv1sOo2jjuvx3Mej90CFz9/VyX/VsKHMlT2U3U2JbbqV9bDJeglLBg6J/LWb4lE+q2VYRIv6JzsdHrJibHA==",
      "dependencies": {
        "tsparticles-engine": "^2.6.0"
      }
    },
    "node_modules/tsparticles-move-base": {
      "version": "2.6.0",
      "resolved": "https://registry.npmjs.org/tsparticles-move-base/-/tsparticles-move-base-2.6.0.tgz",
      "integrity": "sha512-McnAM+N0P2xKdzAHYHn1QIiWF7jrSVmRPiTaWeQ4PMwLzPiPdPCBP6VfCRvw3YUiSfq4eNgPdPIJXckxhoVcOQ==",
      "dependencies": {
        "tsparticles-engine": "^2.6.0"
      }
    },
    "node_modules/tsparticles-move-parallax": {
      "version": "2.6.0",
      "resolved": "https://registry.npmjs.org/tsparticles-move-parallax/-/tsparticles-move-parallax-2.6.0.tgz",
      "integrity": "sha512-ES+1ScHPwslbE3piG+qqqV/e7P5vwauhHXXyIRK8sNHVlG8BHCpSOCoUqny/B8Zpbz7QLoU9GW7a2jxTy3DuDQ==",
      "dependencies": {
        "tsparticles-engine": "^2.6.0"
      }
    },
    "node_modules/tsparticles-particles.js": {
      "version": "2.6.0",
      "resolved": "https://registry.npmjs.org/tsparticles-particles.js/-/tsparticles-particles.js-2.6.0.tgz",
      "integrity": "sha512-T7/j8IedlRGlc5XCVu9KIAgslSB+QLizuV9tDg6jgEceKXd4yCuzrbAzZJfDlIv6icHNBr9iGqkSMNl2L9tVEg==",
      "dependencies": {
        "tsparticles-engine": "^2.6.0"
      },
      "funding": {
        "type": "github",
        "url": "https://github.com/sponsors/matteobruni"
      }
    },
    "node_modules/tsparticles-plugin-absorbers": {
      "version": "2.6.0",
      "resolved": "https://registry.npmjs.org/tsparticles-plugin-absorbers/-/tsparticles-plugin-absorbers-2.6.0.tgz",
      "integrity": "sha512-7qZGUL9+zqA06hARh8UcEc5uOo4ePjyrOmQch4XvYxI5Z2e3uqlsS5IJMm/Dbu3tIUmbU4FlFzy9MW8DkE9xeg==",
      "dependencies": {
        "tsparticles-engine": "^2.6.0"
      }
    },
    "node_modules/tsparticles-plugin-easing-quad": {
      "version": "2.6.0",
      "resolved": "https://registry.npmjs.org/tsparticles-plugin-easing-quad/-/tsparticles-plugin-easing-quad-2.6.0.tgz",
      "integrity": "sha512-Sl3XaFVCcr1kLyPdoK/NluhvFIhNInlHmZ7X+j6FjCOGIphUPur0X3eClW97BcDFwSTfsTKV/TWJWg7iid5GeA==",
      "funding": [
        {
          "type": "github",
          "url": "https://github.com/sponsors/matteobruni"
        },
        {
          "type": "buymeacoffee",
          "url": "https://www.buymeacoffee.com/matteobruni"
        }
      ],
      "dependencies": {
        "tsparticles-engine": "^2.6.0"
      }
    },
    "node_modules/tsparticles-plugin-emitters": {
      "version": "2.6.0",
      "resolved": "https://registry.npmjs.org/tsparticles-plugin-emitters/-/tsparticles-plugin-emitters-2.6.0.tgz",
      "integrity": "sha512-IGFlCgDwt3YA2vjhDqnHcC2FIROnO89ub6WMuf3zafJlv/mc2mgJo6mqVOV0XDCpFFO/Hxp/p1P9DC6COljpsw==",
      "dependencies": {
        "tsparticles-engine": "^2.6.0"
      }
    },
    "node_modules/tsparticles-shape-circle": {
      "version": "2.6.0",
      "resolved": "https://registry.npmjs.org/tsparticles-shape-circle/-/tsparticles-shape-circle-2.6.0.tgz",
      "integrity": "sha512-+uEIickybaOeSbjstg/tSiTX1s1CJ8Onpsoh9Lax9sO1pDNBt71W0i53tm0m99KyAUWBcakyk1zwONFBZZ89Tg==",
      "dependencies": {
        "tsparticles-engine": "^2.6.0"
      }
    },
    "node_modules/tsparticles-shape-image": {
      "version": "2.6.0",
      "resolved": "https://registry.npmjs.org/tsparticles-shape-image/-/tsparticles-shape-image-2.6.0.tgz",
      "integrity": "sha512-hKGdTTyVHuZPGRQQdIXooVihaJRvR38XlDdJdFh1QC+QuFBJrwH9w5FPvBwWkfmP+YYy/JscYmOmpCYmWEHmXw==",
      "dependencies": {
        "tsparticles-engine": "^2.6.0"
      }
    },
    "node_modules/tsparticles-shape-line": {
      "version": "2.6.0",
      "resolved": "https://registry.npmjs.org/tsparticles-shape-line/-/tsparticles-shape-line-2.6.0.tgz",
      "integrity": "sha512-IeWgDSJ//KrmP9us3ORFm3c5DkTPTQpFNoSijDphRs4ivW91+QY70/ieC/OEwbtyXBT3ex+d28PPKeteqf0LUw==",
      "dependencies": {
        "tsparticles-engine": "^2.6.0"
      }
    },
    "node_modules/tsparticles-shape-polygon": {
      "version": "2.6.0",
      "resolved": "https://registry.npmjs.org/tsparticles-shape-polygon/-/tsparticles-shape-polygon-2.6.0.tgz",
      "integrity": "sha512-/HSjcoJBNCogY2ZWTf2JvYOsqcnfD/v/6AXSNB+d7J5pXvndP8eqrLtJ8lmLYZ7hg+Gm1QYpslgOkBZPXbEf/w==",
      "dependencies": {
        "tsparticles-engine": "^2.6.0"
      }
    },
    "node_modules/tsparticles-shape-square": {
      "version": "2.6.0",
      "resolved": "https://registry.npmjs.org/tsparticles-shape-square/-/tsparticles-shape-square-2.6.0.tgz",
      "integrity": "sha512-3rRMbVzTtE5klhQp6FhzJxJYTUDh8K51q00R/dq/wlb6apUA1T/PnUjG/rb7lyRX1r7L2O/LIstfFr9q1OcK5Q==",
      "dependencies": {
        "tsparticles-engine": "^2.6.0"
      }
    },
    "node_modules/tsparticles-shape-star": {
      "version": "2.6.0",
      "resolved": "https://registry.npmjs.org/tsparticles-shape-star/-/tsparticles-shape-star-2.6.0.tgz",
      "integrity": "sha512-+uudZKm/T/3QEvDOPbGdR8noHsKugTTkjapF51zOR25TTbihoPHlioO/4OEVF5Hk9hY34avkyniBY8rpmouI/Q==",
      "dependencies": {
        "tsparticles-engine": "^2.6.0"
      }
    },
    "node_modules/tsparticles-shape-text": {
      "version": "2.6.0",
      "resolved": "https://registry.npmjs.org/tsparticles-shape-text/-/tsparticles-shape-text-2.6.0.tgz",
      "integrity": "sha512-aaxbMu8L72FsvpxrCXnDjUGr/Fu3LBdsRc0ltL6TxbVohHeb9WFPIvs1tVtsUnk2wJtYgHa0R489rq8HafPQJQ==",
      "dependencies": {
        "tsparticles-engine": "^2.6.0"
      }
    },
    "node_modules/tsparticles-slim": {
      "version": "2.6.0",
      "resolved": "https://registry.npmjs.org/tsparticles-slim/-/tsparticles-slim-2.6.0.tgz",
      "integrity": "sha512-F0DL/z8iPe/QZeJhJysvqOCMS0+GdmrpnFmvmML9xCki97DKpStvBYhld8XgPVD5qDVFiBVtpm86pu8lPbxTJw==",
      "dependencies": {
        "tsparticles-engine": "^2.6.0",
        "tsparticles-interaction-external-attract": "^2.6.0",
        "tsparticles-interaction-external-bounce": "^2.6.0",
        "tsparticles-interaction-external-bubble": "^2.6.0",
        "tsparticles-interaction-external-connect": "^2.6.0",
        "tsparticles-interaction-external-grab": "^2.6.0",
        "tsparticles-interaction-external-pause": "^2.6.0",
        "tsparticles-interaction-external-push": "^2.6.0",
        "tsparticles-interaction-external-remove": "^2.6.0",
        "tsparticles-interaction-external-repulse": "^2.6.0",
        "tsparticles-interaction-external-slow": "^2.6.0",
        "tsparticles-interaction-particles-attract": "^2.6.0",
        "tsparticles-interaction-particles-collisions": "^2.6.0",
        "tsparticles-interaction-particles-links": "^2.6.0",
        "tsparticles-move-base": "^2.6.0",
        "tsparticles-move-parallax": "^2.6.0",
        "tsparticles-particles.js": "^2.6.0",
        "tsparticles-plugin-easing-quad": "^2.6.0",
        "tsparticles-shape-circle": "^2.6.0",
        "tsparticles-shape-image": "^2.6.0",
        "tsparticles-shape-line": "^2.6.0",
        "tsparticles-shape-polygon": "^2.6.0",
        "tsparticles-shape-square": "^2.6.0",
        "tsparticles-shape-star": "^2.6.0",
        "tsparticles-shape-text": "^2.6.0",
        "tsparticles-updater-angle": "^2.6.0",
        "tsparticles-updater-color": "^2.6.0",
        "tsparticles-updater-life": "^2.6.0",
        "tsparticles-updater-opacity": "^2.6.0",
        "tsparticles-updater-out-modes": "^2.6.0",
        "tsparticles-updater-size": "^2.6.0",
        "tsparticles-updater-stroke-color": "^2.6.0"
      },
      "funding": {
        "type": "github",
        "url": "https://github.com/sponsors/matteobruni"
      }
    },
    "node_modules/tsparticles-updater-angle": {
      "version": "2.6.0",
      "resolved": "https://registry.npmjs.org/tsparticles-updater-angle/-/tsparticles-updater-angle-2.6.0.tgz",
      "integrity": "sha512-MFQjJJZn3BAPdLqjm6lblIyCo4TjoWWSSf4fC4mRiUhAcMY4UAg5L4lSeZoqQNlOQ8eRhwmo3FmYELpjqjpjrQ==",
      "dependencies": {
        "tsparticles-engine": "^2.6.0"
      }
    },
    "node_modules/tsparticles-updater-color": {
      "version": "2.6.0",
      "resolved": "https://registry.npmjs.org/tsparticles-updater-color/-/tsparticles-updater-color-2.6.0.tgz",
      "integrity": "sha512-r/4V0hVq7k/9WKXslTneiBXefpbCLPNJL/hXlv/9i54x2U8ZncgOJBiUQxYY0wKktipccHD1YHjxoTR4nQfw1Q==",
      "dependencies": {
        "tsparticles-engine": "^2.6.0"
      }
    },
    "node_modules/tsparticles-updater-destroy": {
      "version": "2.6.0",
      "resolved": "https://registry.npmjs.org/tsparticles-updater-destroy/-/tsparticles-updater-destroy-2.6.0.tgz",
      "integrity": "sha512-f49zQ0KQbODvv/UantfW6xovaDuk7Bf9pzU54SsJflFGD7YTI7nlV6Lp4gIWMQGcedMcuMFSGXmU4G4lzj7+1g==",
      "dependencies": {
        "tsparticles-engine": "^2.6.0"
      }
    },
    "node_modules/tsparticles-updater-life": {
      "version": "2.6.0",
      "resolved": "https://registry.npmjs.org/tsparticles-updater-life/-/tsparticles-updater-life-2.6.0.tgz",
      "integrity": "sha512-teJAad55BioqNlqAANc7KociZ7PZZ8WyPSO5NI/QlxeX9ShxEzdQIKMGDEMU8K7OTWMBjlrRChm7TlJ2KkTJ1A==",
      "dependencies": {
        "tsparticles-engine": "^2.6.0"
      }
    },
    "node_modules/tsparticles-updater-opacity": {
      "version": "2.6.0",
      "resolved": "https://registry.npmjs.org/tsparticles-updater-opacity/-/tsparticles-updater-opacity-2.6.0.tgz",
      "integrity": "sha512-Plhlj8qMQFhATA9FACAUPWLS6iXyCBcKZqXFGaQAHMsXFAqn6D5Kd3V4fe858KN2YnKQDjohbIZlYBJawsVLQg==",
      "dependencies": {
        "tsparticles-engine": "^2.6.0"
      }
    },
    "node_modules/tsparticles-updater-out-modes": {
      "version": "2.6.0",
      "resolved": "https://registry.npmjs.org/tsparticles-updater-out-modes/-/tsparticles-updater-out-modes-2.6.0.tgz",
      "integrity": "sha512-WdH7OhLkYCnDDKoe7+h8EX/mPTdxSyOgiTXimombW3Bds0N91Q/9HRsUfi6sKpqE8fPaitEULkomf58PJKXA4g==",
      "dependencies": {
        "tsparticles-engine": "^2.6.0"
      }
    },
    "node_modules/tsparticles-updater-roll": {
      "version": "2.6.0",
      "resolved": "https://registry.npmjs.org/tsparticles-updater-roll/-/tsparticles-updater-roll-2.6.0.tgz",
      "integrity": "sha512-23373EKikLOutISkl92J+zVMI68gcVj9Wbefm71SvooNs4uuUEtnKqYNi3qAz5AWH7mdOXpfMGs5PG16Mq/HQQ==",
      "dependencies": {
        "tsparticles-engine": "^2.6.0"
      }
    },
    "node_modules/tsparticles-updater-size": {
      "version": "2.6.0",
      "resolved": "https://registry.npmjs.org/tsparticles-updater-size/-/tsparticles-updater-size-2.6.0.tgz",
      "integrity": "sha512-7CEW+2JuLJY8UYkn0Kr35cNS4cxmvkRR2OAnjNI4hKndxzOWH/CAAFe1uuhzfhao+xXqIH6V6hizbrIVkaCsPQ==",
      "dependencies": {
        "tsparticles-engine": "^2.6.0"
      }
    },
    "node_modules/tsparticles-updater-stroke-color": {
      "version": "2.6.0",
      "resolved": "https://registry.npmjs.org/tsparticles-updater-stroke-color/-/tsparticles-updater-stroke-color-2.6.0.tgz",
      "integrity": "sha512-o70eA/NQmcXxvuu+ngvQDOpN04XSCXwth6eIibvWdNmxwtd8CmCgT+enzHNathfoCFOa5na4e7ngK/brqd79UQ==",
      "dependencies": {
        "tsparticles-engine": "^2.6.0"
      }
    },
    "node_modules/tsparticles-updater-tilt": {
      "version": "2.6.0",
      "resolved": "https://registry.npmjs.org/tsparticles-updater-tilt/-/tsparticles-updater-tilt-2.6.0.tgz",
      "integrity": "sha512-PyrGBHPQj30sImyO64WR/UEWHNqvV3Y8ls5Y5aDc7O2xrQAdMNUD2nnGdfXMJTEjt0p4pcsClBEcVJUJEE90hQ==",
      "dependencies": {
        "tsparticles-engine": "^2.6.0"
      }
    },
    "node_modules/tsparticles-updater-twinkle": {
      "version": "2.6.0",
      "resolved": "https://registry.npmjs.org/tsparticles-updater-twinkle/-/tsparticles-updater-twinkle-2.6.0.tgz",
      "integrity": "sha512-CqLzr+SgDfueVI8V9u/dRQ4Nef4/EWTQRB8MjwJw0pHMYFxsuzV5wmVj4vIlSHCmok8LZT4OQ81XApFYEzHkDg==",
      "dependencies": {
        "tsparticles-engine": "^2.6.0"
      }
    },
    "node_modules/tsparticles-updater-wobble": {
      "version": "2.6.0",
      "resolved": "https://registry.npmjs.org/tsparticles-updater-wobble/-/tsparticles-updater-wobble-2.6.0.tgz",
      "integrity": "sha512-wXNWPRTYGpOJVW/7TzC/E9GpowMS9TEIHMaTvdhtAKktcF4Ja0DBCJxuF14q6c+lzq7P31JOs4+EqI7zIbQaXw==",
      "dependencies": {
        "tsparticles-engine": "^2.6.0"
      }
    }
  }
}
